
Microsoft Visual Studio Solution File, Format Version 12.00
# Visual Studio Version 16
VisualStudioVersion = 16.0.29424.173
MinimumVisualStudioVersion = 10.0.40219.1
Project("{FAE04EC0-301F-11D3-BF4B-00C04F79EFBC}") = "RacingDAL", "RacingDAL\RacingDAL.csproj", "{B36F0704-F5E8-4F9C-ADA9-E2910F009945}"
EndProject
Project("{FAE04EC0-301F-11D3-BF4B-00C04F79EFBC}") = "ConsoleDALTests", "ConsoleTests\ConsoleDALTests.csproj", "{AE22F2EE-2063-44BF-8329-38A661E8DADB}"
EndProject
Project("{FAE04EC0-301F-11D3-BF4B-00C04F79EFBC}") = "RacingDTO", "RacingDTO\RacingDTO.csproj", "{80C164F9-51F9-483E-9C45-5607140572AB}"
EndProject
Project("{FAE04EC0-301F-11D3-BF4B-00C04F79EFBC}") = "RacingWeb", "RacingWeb\RacingWeb.csproj", "{13ECA016-91DB-4D39-A58A-FA12ACA9EF51}"
EndProject
Global
	GlobalSection(SolutionConfigurationPlatforms) = preSolution
		Debug|Any CPU = Debug|Any CPU
		Release|Any CPU = Release|Any CPU
	EndGlobalSection
	GlobalSection(ProjectConfigurationPlatforms) = postSolution
		{B36F0704-F5E8-4F9C-ADA9-E2910F009945}.Debug|Any CPU.ActiveCfg = Debug|Any CPU
		{B36F0704-F5E8-4F9C-ADA9-E2910F009945}.Debug|Any CPU.Build.0 = Debug|Any CPU
		{B36F0704-F5E8-4F9C-ADA9-E2910F009945}.Release|Any CPU.ActiveCfg = Release|Any CPU
		{B36F0704-F5E8-4F9C-ADA9-E2910F009945}.Release|Any CPU.Build.0 = Release|Any CPU
		{AE22F2EE-2063-44BF-8329-38A661E8DADB}.Debug|Any CPU.ActiveCfg = Debug|Any CPU
		{AE22F2EE-2063-44BF-8329-38A661E8DADB}.Debug|Any CPU.Build.0 = Debug|Any CPU
		{AE22F2EE-2063-44BF-8329-38A661E8DADB}.Release|Any CPU.ActiveCfg = Release|Any CPU
		{AE22F2EE-2063-44BF-8329-38A661E8DADB}.Release|Any CPU.Build.0 = Release|Any CPU
		{80C164F9-51F9-483E-9C45-5607140572AB}.Debug|Any CPU.ActiveCfg = Debug|Any CPU
		{80C164F9-51F9-483E-9C45-5607140572AB}.Debug|Any CPU.Build.0 = Debug|Any CPU
		{80C164F9-51F9-483E-9C45-5607140572AB}.Release|Any CPU.ActiveCfg = Release|Any CPU
		{80C164F9-51F9-483E-9C45-5607140572AB}.Release|Any CPU.Build.0 = Release|Any CPU
		{13ECA016-91DB-4D39-A58A-FA12ACA9EF51}.Debug|Any CPU.ActiveCfg = Debug|Any CPU
		{13ECA016-91DB-4D39-A58A-FA12ACA9EF51}.Debug|Any CPU.Build.0 = Debug|Any CPU
		{13ECA016-91DB-4D39-A58A-FA12ACA9EF51}.Release|Any CPU.ActiveCfg = Release|Any CPU
		{13ECA016-91DB-4D39-A58A-FA12ACA9EF51}.Release|Any CPU.Build.0 = Release|Any CPU
	EndGlobalSection
	GlobalSection(SolutionProperties) = preSolution
		HideSolutionNode = FALSE
	EndGlobalSection
	GlobalSection(ExtensibilityGlobals) = postSolution
		SolutionGuid = {0722B1A5-A024-469E-BD97-5709010AEC1C}
	EndGlobalSection
EndGlobal
